
Microsoft Visual Studio Solution File, Format Version 12.00
# Visual Studio Version 16
VisualStudioVersion = 16.0.29926.136
MinimumVisualStudioVersion = 10.0.40219.1
Project("{2150E333-8FDC-42A3-9474-1A3956D46DE8}") = "04_Client", "04_Client", "{E27ED1FF-9159-4BD2-BACD-623D65B51E82}"
EndProject
Project("{FAE04EC0-301F-11D3-BF4B-00C04F79EFBC}") = "TubumuMeeting.Meeting.Client.WPF", "TubumuMeeting.Meeting.Client.WPF\TubumuMeeting.Meeting.Client.WPF.csproj", "{99598050-19CE-4C87-81F0-16CEAD34C212}"
EndProject
Project("{2150E333-8FDC-42A3-9474-1A3956D46DE8}") = "01_Meeting", "01_Meeting", "{B59FDD1B-57B1-4DB0-8F25-D58878B01ED0}"
EndProject
Project("{9A19103F-16F7-4668-BE54-9A1E7A4F7556}") = "TubumuMeeting.Meeting.Server", "TubumuMeeting.Meeting.Server\TubumuMeeting.Meeting.Server.csproj", "{DC4340F5-1417-4DED-8A17-D4BA847AF03B}"
EndProject
Project("{2150E333-8FDC-42A3-9474-1A3956D46DE8}") = "Solution Items", "Solution Items", "{CA8D3D85-B2F8-4000-B516-DF01B69C89BD}"
	ProjectSection(SolutionItems) = preProject
		.editorconfig = .editorconfig
	EndProjectSection
EndProject
Project("{2150E333-8FDC-42A3-9474-1A3956D46DE8}") = "02_GB28181", "02_GB28181", "{B592BC8C-EA42-436C-AB3A-30ACC2BF496C}"
EndProject
Project("{FAE04EC0-301F-11D3-BF4B-00C04F79EFBC}") = "TubumuMeeting.GB28181.Server", "TubumuMeeting.GB28181.Server\TubumuMeeting.GB28181.Server.csproj", "{4226F7A9-6228-49B0-A3B5-42524B4E2905}"
EndProject
Project("{2150E333-8FDC-42A3-9474-1A3956D46DE8}") = "03_Web", "03_Web", "{954136A6-BF79-4CF9-BA76-100D08A83629}"
EndProject
Project("{FAE04EC0-301F-11D3-BF4B-00C04F79EFBC}") = "TubumuMeeting.Web", "TubumuMeeting.Web\TubumuMeeting.Web.csproj", "{82BCA45F-BBEC-460B-89CD-B8CE80AB01C0}"
EndProject
Project("{FAE04EC0-301F-11D3-BF4B-00C04F79EFBC}") = "TubumuMeeting.GB28181", "TubumuMeeting.GB28181\TubumuMeeting.GB28181.csproj", "{4C686C97-F5CF-4BF0-920F-DEFEC9719569}"
EndProject
Global
	GlobalSection(SolutionConfigurationPlatforms) = preSolution
		Debug|Any CPU = Debug|Any CPU
		Debug|x86 = Debug|x86
		Release|Any CPU = Release|Any CPU
		Release|x86 = Release|x86
	EndGlobalSection
	GlobalSection(ProjectConfigurationPlatforms) = postSolution
		{99598050-19CE-4C87-81F0-16CEAD34C212}.Debug|Any CPU.ActiveCfg = Debug|x86
		{99598050-19CE-4C87-81F0-16CEAD34C212}.Debug|Any CPU.Build.0 = Debug|x86
		{99598050-19CE-4C87-81F0-16CEAD34C212}.Debug|x86.ActiveCfg = Debug|Any CPU
		{99598050-19CE-4C87-81F0-16CEAD34C212}.Debug|x86.Build.0 = Debug|Any CPU
		{99598050-19CE-4C87-81F0-16CEAD34C212}.Release|Any CPU.ActiveCfg = Release|Any CPU
		{99598050-19CE-4C87-81F0-16CEAD34C212}.Release|Any CPU.Build.0 = Release|Any CPU
		{99598050-19CE-4C87-81F0-16CEAD34C212}.Release|x86.ActiveCfg = Release|Any CPU
		{99598050-19CE-4C87-81F0-16CEAD34C212}.Release|x86.Build.0 = Release|Any CPU
		{DC4340F5-1417-4DED-8A17-D4BA847AF03B}.Debug|Any CPU.ActiveCfg = Debug|Any CPU
		{DC4340F5-1417-4DED-8A17-D4BA847AF03B}.Debug|Any CPU.Build.0 = Debug|Any CPU
		{DC4340F5-1417-4DED-8A17-D4BA847AF03B}.Debug|x86.ActiveCfg = Debug|Any CPU
		{DC4340F5-1417-4DED-8A17-D4BA847AF03B}.Debug|x86.Build.0 = Debug|Any CPU
		{DC4340F5-1417-4DED-8A17-D4BA847AF03B}.Release|Any CPU.ActiveCfg = Release|Any CPU
		{DC4340F5-1417-4DED-8A17-D4BA847AF03B}.Release|Any CPU.Build.0 = Release|Any CPU
		{DC4340F5-1417-4DED-8A17-D4BA847AF03B}.Release|x86.ActiveCfg = Release|Any CPU
		{DC4340F5-1417-4DED-8A17-D4BA847AF03B}.Release|x86.Build.0 = Release|Any CPU
		{4226F7A9-6228-49B0-A3B5-42524B4E2905}.Debug|Any CPU.ActiveCfg = Debug|Any CPU
		{4226F7A9-6228-49B0-A3B5-42524B4E2905}.Debug|Any CPU.Build.0 = Debug|Any CPU
		{4226F7A9-6228-49B0-A3B5-42524B4E2905}.Debug|x86.ActiveCfg = Debug|Any CPU
		{4226F7A9-6228-49B0-A3B5-42524B4E2905}.Debug|x86.Build.0 = Debug|Any CPU
		{4226F7A9-6228-49B0-A3B5-42524B4E2905}.Release|Any CPU.ActiveCfg = Release|Any CPU
		{4226F7A9-6228-49B0-A3B5-42524B4E2905}.Release|Any CPU.Build.0 = Release|Any CPU
		{4226F7A9-6228-49B0-A3B5-42524B4E2905}.Release|x86.ActiveCfg = Release|Any CPU
		{4226F7A9-6228-49B0-A3B5-42524B4E2905}.Release|x86.Build.0 = Release|Any CPU
		{82BCA45F-BBEC-460B-89CD-B8CE80AB01C0}.Debug|Any CPU.ActiveCfg = Debug|Any CPU
		{82BCA45F-BBEC-460B-89CD-B8CE80AB01C0}.Debug|Any CPU.Build.0 = Debug|Any CPU
		{82BCA45F-BBEC-460B-89CD-B8CE80AB01C0}.Debug|x86.ActiveCfg = Debug|Any CPU
		{82BCA45F-BBEC-460B-89CD-B8CE80AB01C0}.Debug|x86.Build.0 = Debug|Any CPU
		{82BCA45F-BBEC-460B-89CD-B8CE80AB01C0}.Release|Any CPU.ActiveCfg = Release|Any CPU
		{82BCA45F-BBEC-460B-89CD-B8CE80AB01C0}.Release|Any CPU.Build.0 = Release|Any CPU
		{82BCA45F-BBEC-460B-89CD-B8CE80AB01C0}.Release|x86.ActiveCfg = Release|Any CPU
		{82BCA45F-BBEC-460B-89CD-B8CE80AB01C0}.Release|x86.Build.0 = Release|Any CPU
		{4C686C97-F5CF-4BF0-920F-DEFEC9719569}.Debug|Any CPU.ActiveCfg = Debug|Any CPU
		{4C686C97-F5CF-4BF0-920F-DEFEC9719569}.Debug|Any CPU.Build.0 = Debug|Any CPU
		{4C686C97-F5CF-4BF0-920F-DEFEC9719569}.Debug|x86.ActiveCfg = Debug|Any CPU
		{4C686C97-F5CF-4BF0-920F-DEFEC9719569}.Debug|x86.Build.0 = Debug|Any CPU
		{4C686C97-F5CF-4BF0-920F-DEFEC9719569}.Release|Any CPU.ActiveCfg = Release|Any CPU
		{4C686C97-F5CF-4BF0-920F-DEFEC9719569}.Release|Any CPU.Build.0 = Release|Any CPU
		{4C686C97-F5CF-4BF0-920F-DEFEC9719569}.Release|x86.ActiveCfg = Release|Any CPU
		{4C686C97-F5CF-4BF0-920F-DEFEC9719569}.Release|x86.Build.0 = Release|Any CPU
	EndGlobalSection
	GlobalSection(SolutionProperties) = preSolution
		HideSolutionNode = FALSE
	EndGlobalSection
	GlobalSection(NestedProjects) = preSolution
		{99598050-19CE-4C87-81F0-16CEAD34C212} = {E27ED1FF-9159-4BD2-BACD-623D65B51E82}
		{DC4340F5-1417-4DED-8A17-D4BA847AF03B} = {B59FDD1B-57B1-4DB0-8F25-D58878B01ED0}
		{4226F7A9-6228-49B0-A3B5-42524B4E2905} = {B592BC8C-EA42-436C-AB3A-30ACC2BF496C}
		{82BCA45F-BBEC-460B-89CD-B8CE80AB01C0} = {954136A6-BF79-4CF9-BA76-100D08A83629}
		{4C686C97-F5CF-4BF0-920F-DEFEC9719569} = {B592BC8C-EA42-436C-AB3A-30ACC2BF496C}
	EndGlobalSection
	GlobalSection(ExtensibilityGlobals) = postSolution
		SolutionGuid = {3E07B1BF-B8B0-49F6-BF3E-61B245F7AB1D}
	EndGlobalSection
EndGlobal
