
Microsoft Visual Studio Solution File, Format Version 12.00
# Visual Studio Version 16
VisualStudioVersion = 16.0.29926.136
MinimumVisualStudioVersion = 10.0.40219.1
Project("{FAE04EC0-301F-11D3-BF4B-00C04F79EFBC}") = "Tubumu.Mediasoup", "..\Tubumu.Mediasoup\Tubumu.Mediasoup.csproj", "{3215483D-073D-4EBF-9DA2-B53FAE56B3FF}"
EndProject
Project("{FAE04EC0-301F-11D3-BF4B-00C04F79EFBC}") = "Tubumu.Utils", "..\Tubumu.Utils\Tubumu.Utils.csproj", "{9FD26270-4FD2-4583-AA76-F0D96BC451D0}"
EndProject
Project("{FAE04EC0-301F-11D3-BF4B-00C04F79EFBC}") = "Tubumu.Libuv", "..\Tubumu.Libuv\Tubumu.Libuv.csproj", "{DB17A15E-07E8-4F7D-BF26-7549B90D5F2C}"
EndProject
Project("{2150E333-8FDC-42A3-9474-1A3956D46DE8}") = "05_Client", "05_Client", "{E27ED1FF-9159-4BD2-BACD-623D65B51E82}"
EndProject
Project("{2150E333-8FDC-42A3-9474-1A3956D46DE8}") = "03_Meeting", "03_Meeting", "{B59FDD1B-57B1-4DB0-8F25-D58878B01ED0}"
EndProject
Project("{2150E333-8FDC-42A3-9474-1A3956D46DE8}") = "01_Core", "01_Core", "{809FCE19-5D6E-40AE-9714-3C94083DBBFC}"
EndProject
Project("{9A19103F-16F7-4668-BE54-9A1E7A4F7556}") = "Tubumu.Meeting.Server", "..\Tubumu.Meeting.Server\Tubumu.Meeting.Server.csproj", "{DC4340F5-1417-4DED-8A17-D4BA847AF03B}"
EndProject
Project("{9A19103F-16F7-4668-BE54-9A1E7A4F7556}") = "Tubumu.Mediasoup.Executable", "..\Tubumu.Mediasoup.Executable\Tubumu.Mediasoup.Executable.csproj", "{2B5CF732-AA93-436B-AAE1-CED3225E659F}"
EndProject
Project("{2150E333-8FDC-42A3-9474-1A3956D46DE8}") = "04_Web", "04_Web", "{954136A6-BF79-4CF9-BA76-100D08A83629}"
EndProject
Project("{9A19103F-16F7-4668-BE54-9A1E7A4F7556}") = "Tubumu.Web", "Tubumu.Web\Tubumu.Web.csproj", "{82BCA45F-BBEC-460B-89CD-B8CE80AB01C0}"
EndProject
Project("{2150E333-8FDC-42A3-9474-1A3956D46DE8}") = "02_Mediasoup", "02_Mediasoup", "{5808D516-3160-4471-BE56-3D5D705E995C}"
EndProject
Project("{9A19103F-16F7-4668-BE54-9A1E7A4F7556}") = "Tubumu.Mediasoup.Common", "..\Tubumu.Mediasoup.Common\Tubumu.Mediasoup.Common.csproj", "{783D12BE-D00E-443B-A5BC-002FDD453A8F}"
EndProject
Project("{9A19103F-16F7-4668-BE54-9A1E7A4F7556}") = "Tubumu.Mediasoup.AspNetCore", "..\Tubumu.Mediasoup.AspNetCore\Tubumu.Mediasoup.AspNetCore.csproj", "{BEC2BA3C-7BD4-4372-A5E8-E048EAE7763B}"
EndProject
Project("{9A19103F-16F7-4668-BE54-9A1E7A4F7556}") = "Tubumu.Meeting.Server.Consul", "..\Tubumu.Meeting.Server.Consul\Tubumu.Meeting.Server.Consul.csproj", "{FC987D1F-8844-44C1-9A02-1ACBB2236450}"
EndProject
Project("{E53339B2-1760-4266-BCC7-CA923CBCF16C}") = "docker-compose", "docker-compose.dcproj", "{BED39042-09BA-423B-9E5A-068A8DA48C90}"
EndProject
Project("{9344BDBB-3E7F-41FC-A0DD-8665D75EE146}") = "Tubumu.Meeting.Client.WPF", "Tubumu.Meeting.Client.WPF\Tubumu.Meeting.Client.WPF.csproj", "{1E2E2ABA-19BA-4835-9474-61B8449CACEB}"
EndProject
Project("{9344BDBB-3E7F-41FC-A0DD-8665D75EE146}") = "MediasoupClientWrapper", "..\MediasoupClientWrapper\MediasoupClientWrapper.vcxproj", "{E89DA776-6269-45E3-8CF5-C3510B68FB39}"
EndProject
Project("{9344BDBB-3E7F-41FC-A0DD-8665D75EE146}") = "TestMediasoupClientWrapper", "..\TestMediasoupClientWrapper\TestMediasoupClientWrapper.vcxproj", "{5867ABBB-31FB-4F8C-B2EE-A1512A282F9B}"
EndProject
Global
	GlobalSection(SolutionConfigurationPlatforms) = preSolution
		Debug|Any CPU = Debug|Any CPU
		Debug|x64 = Debug|x64
		Debug|x86 = Debug|x86
		Release|Any CPU = Release|Any CPU
		Release|x64 = Release|x64
		Release|x86 = Release|x86
	EndGlobalSection
	GlobalSection(ProjectConfigurationPlatforms) = postSolution
		{3215483D-073D-4EBF-9DA2-B53FAE56B3FF}.Debug|Any CPU.ActiveCfg = Debug|Any CPU
		{3215483D-073D-4EBF-9DA2-B53FAE56B3FF}.Debug|Any CPU.Build.0 = Debug|Any CPU
		{3215483D-073D-4EBF-9DA2-B53FAE56B3FF}.Debug|x64.ActiveCfg = Debug|Any CPU
		{3215483D-073D-4EBF-9DA2-B53FAE56B3FF}.Debug|x64.Build.0 = Debug|Any CPU
		{3215483D-073D-4EBF-9DA2-B53FAE56B3FF}.Debug|x86.ActiveCfg = Debug|Any CPU
		{3215483D-073D-4EBF-9DA2-B53FAE56B3FF}.Debug|x86.Build.0 = Debug|Any CPU
		{3215483D-073D-4EBF-9DA2-B53FAE56B3FF}.Release|Any CPU.ActiveCfg = Release|Any CPU
		{3215483D-073D-4EBF-9DA2-B53FAE56B3FF}.Release|Any CPU.Build.0 = Release|Any CPU
		{3215483D-073D-4EBF-9DA2-B53FAE56B3FF}.Release|x64.ActiveCfg = Release|Any CPU
		{3215483D-073D-4EBF-9DA2-B53FAE56B3FF}.Release|x64.Build.0 = Release|Any CPU
		{3215483D-073D-4EBF-9DA2-B53FAE56B3FF}.Release|x86.ActiveCfg = Release|Any CPU
		{3215483D-073D-4EBF-9DA2-B53FAE56B3FF}.Release|x86.Build.0 = Release|Any CPU
		{9FD26270-4FD2-4583-AA76-F0D96BC451D0}.Debug|Any CPU.ActiveCfg = Debug|Any CPU
		{9FD26270-4FD2-4583-AA76-F0D96BC451D0}.Debug|Any CPU.Build.0 = Debug|Any CPU
		{9FD26270-4FD2-4583-AA76-F0D96BC451D0}.Debug|x64.ActiveCfg = Debug|Any CPU
		{9FD26270-4FD2-4583-AA76-F0D96BC451D0}.Debug|x64.Build.0 = Debug|Any CPU
		{9FD26270-4FD2-4583-AA76-F0D96BC451D0}.Debug|x86.ActiveCfg = Debug|Any CPU
		{9FD26270-4FD2-4583-AA76-F0D96BC451D0}.Debug|x86.Build.0 = Debug|Any CPU
		{9FD26270-4FD2-4583-AA76-F0D96BC451D0}.Release|Any CPU.ActiveCfg = Release|Any CPU
		{9FD26270-4FD2-4583-AA76-F0D96BC451D0}.Release|Any CPU.Build.0 = Release|Any CPU
		{9FD26270-4FD2-4583-AA76-F0D96BC451D0}.Release|x64.ActiveCfg = Release|Any CPU
		{9FD26270-4FD2-4583-AA76-F0D96BC451D0}.Release|x64.Build.0 = Release|Any CPU
		{9FD26270-4FD2-4583-AA76-F0D96BC451D0}.Release|x86.ActiveCfg = Release|Any CPU
		{9FD26270-4FD2-4583-AA76-F0D96BC451D0}.Release|x86.Build.0 = Release|Any CPU
		{DB17A15E-07E8-4F7D-BF26-7549B90D5F2C}.Debug|Any CPU.ActiveCfg = Debug|Any CPU
		{DB17A15E-07E8-4F7D-BF26-7549B90D5F2C}.Debug|Any CPU.Build.0 = Debug|Any CPU
		{DB17A15E-07E8-4F7D-BF26-7549B90D5F2C}.Debug|x64.ActiveCfg = Debug|Any CPU
		{DB17A15E-07E8-4F7D-BF26-7549B90D5F2C}.Debug|x64.Build.0 = Debug|Any CPU
		{DB17A15E-07E8-4F7D-BF26-7549B90D5F2C}.Debug|x86.ActiveCfg = Debug|Any CPU
		{DB17A15E-07E8-4F7D-BF26-7549B90D5F2C}.Debug|x86.Build.0 = Debug|Any CPU
		{DB17A15E-07E8-4F7D-BF26-7549B90D5F2C}.Release|Any CPU.ActiveCfg = Release|Any CPU
		{DB17A15E-07E8-4F7D-BF26-7549B90D5F2C}.Release|Any CPU.Build.0 = Release|Any CPU
		{DB17A15E-07E8-4F7D-BF26-7549B90D5F2C}.Release|x64.ActiveCfg = Release|Any CPU
		{DB17A15E-07E8-4F7D-BF26-7549B90D5F2C}.Release|x64.Build.0 = Release|Any CPU
		{DB17A15E-07E8-4F7D-BF26-7549B90D5F2C}.Release|x86.ActiveCfg = Release|Any CPU
		{DB17A15E-07E8-4F7D-BF26-7549B90D5F2C}.Release|x86.Build.0 = Release|Any CPU
		{DC4340F5-1417-4DED-8A17-D4BA847AF03B}.Debug|Any CPU.ActiveCfg = Debug|Any CPU
		{DC4340F5-1417-4DED-8A17-D4BA847AF03B}.Debug|Any CPU.Build.0 = Debug|Any CPU
		{DC4340F5-1417-4DED-8A17-D4BA847AF03B}.Debug|x64.ActiveCfg = Debug|Any CPU
		{DC4340F5-1417-4DED-8A17-D4BA847AF03B}.Debug|x64.Build.0 = Debug|Any CPU
		{DC4340F5-1417-4DED-8A17-D4BA847AF03B}.Debug|x86.ActiveCfg = Debug|Any CPU
		{DC4340F5-1417-4DED-8A17-D4BA847AF03B}.Debug|x86.Build.0 = Debug|Any CPU
		{DC4340F5-1417-4DED-8A17-D4BA847AF03B}.Release|Any CPU.ActiveCfg = Release|Any CPU
		{DC4340F5-1417-4DED-8A17-D4BA847AF03B}.Release|Any CPU.Build.0 = Release|Any CPU
		{DC4340F5-1417-4DED-8A17-D4BA847AF03B}.Release|x64.ActiveCfg = Release|Any CPU
		{DC4340F5-1417-4DED-8A17-D4BA847AF03B}.Release|x64.Build.0 = Release|Any CPU
		{DC4340F5-1417-4DED-8A17-D4BA847AF03B}.Release|x86.ActiveCfg = Release|Any CPU
		{DC4340F5-1417-4DED-8A17-D4BA847AF03B}.Release|x86.Build.0 = Release|Any CPU
		{2B5CF732-AA93-436B-AAE1-CED3225E659F}.Debug|Any CPU.ActiveCfg = Debug|Any CPU
		{2B5CF732-AA93-436B-AAE1-CED3225E659F}.Debug|Any CPU.Build.0 = Debug|Any CPU
		{2B5CF732-AA93-436B-AAE1-CED3225E659F}.Debug|x64.ActiveCfg = Debug|Any CPU
		{2B5CF732-AA93-436B-AAE1-CED3225E659F}.Debug|x64.Build.0 = Debug|Any CPU
		{2B5CF732-AA93-436B-AAE1-CED3225E659F}.Debug|x86.ActiveCfg = Debug|Any CPU
		{2B5CF732-AA93-436B-AAE1-CED3225E659F}.Debug|x86.Build.0 = Debug|Any CPU
		{2B5CF732-AA93-436B-AAE1-CED3225E659F}.Release|Any CPU.ActiveCfg = Release|Any CPU
		{2B5CF732-AA93-436B-AAE1-CED3225E659F}.Release|Any CPU.Build.0 = Release|Any CPU
		{2B5CF732-AA93-436B-AAE1-CED3225E659F}.Release|x64.ActiveCfg = Release|Any CPU
		{2B5CF732-AA93-436B-AAE1-CED3225E659F}.Release|x64.Build.0 = Release|Any CPU
		{2B5CF732-AA93-436B-AAE1-CED3225E659F}.Release|x86.ActiveCfg = Release|Any CPU
		{2B5CF732-AA93-436B-AAE1-CED3225E659F}.Release|x86.Build.0 = Release|Any CPU
		{82BCA45F-BBEC-460B-89CD-B8CE80AB01C0}.Debug|Any CPU.ActiveCfg = Debug|Any CPU
		{82BCA45F-BBEC-460B-89CD-B8CE80AB01C0}.Debug|Any CPU.Build.0 = Debug|Any CPU
		{82BCA45F-BBEC-460B-89CD-B8CE80AB01C0}.Debug|x64.ActiveCfg = Debug|Any CPU
		{82BCA45F-BBEC-460B-89CD-B8CE80AB01C0}.Debug|x64.Build.0 = Debug|Any CPU
		{82BCA45F-BBEC-460B-89CD-B8CE80AB01C0}.Debug|x86.ActiveCfg = Debug|Any CPU
		{82BCA45F-BBEC-460B-89CD-B8CE80AB01C0}.Debug|x86.Build.0 = Debug|Any CPU
		{82BCA45F-BBEC-460B-89CD-B8CE80AB01C0}.Release|Any CPU.ActiveCfg = Release|Any CPU
		{82BCA45F-BBEC-460B-89CD-B8CE80AB01C0}.Release|Any CPU.Build.0 = Release|Any CPU
		{82BCA45F-BBEC-460B-89CD-B8CE80AB01C0}.Release|x64.ActiveCfg = Release|Any CPU
		{82BCA45F-BBEC-460B-89CD-B8CE80AB01C0}.Release|x64.Build.0 = Release|Any CPU
		{82BCA45F-BBEC-460B-89CD-B8CE80AB01C0}.Release|x86.ActiveCfg = Release|Any CPU
		{82BCA45F-BBEC-460B-89CD-B8CE80AB01C0}.Release|x86.Build.0 = Release|Any CPU
		{783D12BE-D00E-443B-A5BC-002FDD453A8F}.Debug|Any CPU.ActiveCfg = Debug|Any CPU
		{783D12BE-D00E-443B-A5BC-002FDD453A8F}.Debug|Any CPU.Build.0 = Debug|Any CPU
		{783D12BE-D00E-443B-A5BC-002FDD453A8F}.Debug|x64.ActiveCfg = Debug|Any CPU
		{783D12BE-D00E-443B-A5BC-002FDD453A8F}.Debug|x64.Build.0 = Debug|Any CPU
		{783D12BE-D00E-443B-A5BC-002FDD453A8F}.Debug|x86.ActiveCfg = Debug|Any CPU
		{783D12BE-D00E-443B-A5BC-002FDD453A8F}.Debug|x86.Build.0 = Debug|Any CPU
		{783D12BE-D00E-443B-A5BC-002FDD453A8F}.Release|Any CPU.ActiveCfg = Release|Any CPU
		{783D12BE-D00E-443B-A5BC-002FDD453A8F}.Release|Any CPU.Build.0 = Release|Any CPU
		{783D12BE-D00E-443B-A5BC-002FDD453A8F}.Release|x64.ActiveCfg = Release|Any CPU
		{783D12BE-D00E-443B-A5BC-002FDD453A8F}.Release|x64.Build.0 = Release|Any CPU
		{783D12BE-D00E-443B-A5BC-002FDD453A8F}.Release|x86.ActiveCfg = Release|Any CPU
		{783D12BE-D00E-443B-A5BC-002FDD453A8F}.Release|x86.Build.0 = Release|Any CPU
		{BEC2BA3C-7BD4-4372-A5E8-E048EAE7763B}.Debug|Any CPU.ActiveCfg = Debug|Any CPU
		{BEC2BA3C-7BD4-4372-A5E8-E048EAE7763B}.Debug|Any CPU.Build.0 = Debug|Any CPU
		{BEC2BA3C-7BD4-4372-A5E8-E048EAE7763B}.Debug|x64.ActiveCfg = Debug|Any CPU
		{BEC2BA3C-7BD4-4372-A5E8-E048EAE7763B}.Debug|x64.Build.0 = Debug|Any CPU
		{BEC2BA3C-7BD4-4372-A5E8-E048EAE7763B}.Debug|x86.ActiveCfg = Debug|Any CPU
		{BEC2BA3C-7BD4-4372-A5E8-E048EAE7763B}.Debug|x86.Build.0 = Debug|Any CPU
		{BEC2BA3C-7BD4-4372-A5E8-E048EAE7763B}.Release|Any CPU.ActiveCfg = Release|Any CPU
		{BEC2BA3C-7BD4-4372-A5E8-E048EAE7763B}.Release|Any CPU.Build.0 = Release|Any CPU
		{BEC2BA3C-7BD4-4372-A5E8-E048EAE7763B}.Release|x64.ActiveCfg = Release|Any CPU
		{BEC2BA3C-7BD4-4372-A5E8-E048EAE7763B}.Release|x64.Build.0 = Release|Any CPU
		{BEC2BA3C-7BD4-4372-A5E8-E048EAE7763B}.Release|x86.ActiveCfg = Release|Any CPU
		{BEC2BA3C-7BD4-4372-A5E8-E048EAE7763B}.Release|x86.Build.0 = Release|Any CPU
		{FC987D1F-8844-44C1-9A02-1ACBB2236450}.Debug|Any CPU.ActiveCfg = Debug|Any CPU
		{FC987D1F-8844-44C1-9A02-1ACBB2236450}.Debug|Any CPU.Build.0 = Debug|Any CPU
		{FC987D1F-8844-44C1-9A02-1ACBB2236450}.Debug|x64.ActiveCfg = Debug|Any CPU
		{FC987D1F-8844-44C1-9A02-1ACBB2236450}.Debug|x64.Build.0 = Debug|Any CPU
		{FC987D1F-8844-44C1-9A02-1ACBB2236450}.Debug|x86.ActiveCfg = Debug|Any CPU
		{FC987D1F-8844-44C1-9A02-1ACBB2236450}.Debug|x86.Build.0 = Debug|Any CPU
		{FC987D1F-8844-44C1-9A02-1ACBB2236450}.Release|Any CPU.ActiveCfg = Release|Any CPU
		{FC987D1F-8844-44C1-9A02-1ACBB2236450}.Release|Any CPU.Build.0 = Release|Any CPU
		{FC987D1F-8844-44C1-9A02-1ACBB2236450}.Release|x64.ActiveCfg = Release|Any CPU
		{FC987D1F-8844-44C1-9A02-1ACBB2236450}.Release|x64.Build.0 = Release|Any CPU
		{FC987D1F-8844-44C1-9A02-1ACBB2236450}.Release|x86.ActiveCfg = Release|Any CPU
		{FC987D1F-8844-44C1-9A02-1ACBB2236450}.Release|x86.Build.0 = Release|Any CPU
		{BED39042-09BA-423B-9E5A-068A8DA48C90}.Debug|Any CPU.ActiveCfg = Debug|Any CPU
		{BED39042-09BA-423B-9E5A-068A8DA48C90}.Debug|Any CPU.Build.0 = Debug|Any CPU
		{BED39042-09BA-423B-9E5A-068A8DA48C90}.Debug|x64.ActiveCfg = Debug|Any CPU
		{BED39042-09BA-423B-9E5A-068A8DA48C90}.Debug|x64.Build.0 = Debug|Any CPU
		{BED39042-09BA-423B-9E5A-068A8DA48C90}.Debug|x86.ActiveCfg = Debug|Any CPU
		{BED39042-09BA-423B-9E5A-068A8DA48C90}.Debug|x86.Build.0 = Debug|Any CPU
		{BED39042-09BA-423B-9E5A-068A8DA48C90}.Release|Any CPU.ActiveCfg = Release|Any CPU
		{BED39042-09BA-423B-9E5A-068A8DA48C90}.Release|Any CPU.Build.0 = Release|Any CPU
		{BED39042-09BA-423B-9E5A-068A8DA48C90}.Release|x64.ActiveCfg = Release|Any CPU
		{BED39042-09BA-423B-9E5A-068A8DA48C90}.Release|x64.Build.0 = Release|Any CPU
		{BED39042-09BA-423B-9E5A-068A8DA48C90}.Release|x86.ActiveCfg = Release|Any CPU
		{BED39042-09BA-423B-9E5A-068A8DA48C90}.Release|x86.Build.0 = Release|Any CPU
		{1E2E2ABA-19BA-4835-9474-61B8449CACEB}.Debug|Any CPU.ActiveCfg = Debug|Any CPU
		{1E2E2ABA-19BA-4835-9474-61B8449CACEB}.Debug|Any CPU.Build.0 = Debug|Any CPU
		{1E2E2ABA-19BA-4835-9474-61B8449CACEB}.Debug|x64.ActiveCfg = Debug|Any CPU
		{1E2E2ABA-19BA-4835-9474-61B8449CACEB}.Debug|x64.Build.0 = Debug|Any CPU
		{1E2E2ABA-19BA-4835-9474-61B8449CACEB}.Debug|x86.ActiveCfg = Debug|x86
		{1E2E2ABA-19BA-4835-9474-61B8449CACEB}.Debug|x86.Build.0 = Debug|x86
		{1E2E2ABA-19BA-4835-9474-61B8449CACEB}.Release|Any CPU.ActiveCfg = Release|Any CPU
		{1E2E2ABA-19BA-4835-9474-61B8449CACEB}.Release|Any CPU.Build.0 = Release|Any CPU
		{1E2E2ABA-19BA-4835-9474-61B8449CACEB}.Release|x64.ActiveCfg = Release|Any CPU
		{1E2E2ABA-19BA-4835-9474-61B8449CACEB}.Release|x64.Build.0 = Release|Any CPU
		{1E2E2ABA-19BA-4835-9474-61B8449CACEB}.Release|x86.ActiveCfg = Release|Any CPU
		{1E2E2ABA-19BA-4835-9474-61B8449CACEB}.Release|x86.Build.0 = Release|Any CPU
		{E89DA776-6269-45E3-8CF5-C3510B68FB39}.Debug|Any CPU.ActiveCfg = Debug|Win32
		{E89DA776-6269-45E3-8CF5-C3510B68FB39}.Debug|x64.ActiveCfg = Debug|x64
		{E89DA776-6269-45E3-8CF5-C3510B68FB39}.Debug|x64.Build.0 = Debug|x64
		{E89DA776-6269-45E3-8CF5-C3510B68FB39}.Debug|x86.ActiveCfg = Debug|Win32
		{E89DA776-6269-45E3-8CF5-C3510B68FB39}.Debug|x86.Build.0 = Debug|Win32
		{E89DA776-6269-45E3-8CF5-C3510B68FB39}.Release|Any CPU.ActiveCfg = Release|Win32
		{E89DA776-6269-45E3-8CF5-C3510B68FB39}.Release|x64.ActiveCfg = Release|x64
		{E89DA776-6269-45E3-8CF5-C3510B68FB39}.Release|x64.Build.0 = Release|x64
		{E89DA776-6269-45E3-8CF5-C3510B68FB39}.Release|x86.ActiveCfg = Release|Win32
		{E89DA776-6269-45E3-8CF5-C3510B68FB39}.Release|x86.Build.0 = Release|Win32
		{5867ABBB-31FB-4F8C-B2EE-A1512A282F9B}.Debug|Any CPU.ActiveCfg = Debug|Win32
		{5867ABBB-31FB-4F8C-B2EE-A1512A282F9B}.Debug|x64.ActiveCfg = Debug|x64
		{5867ABBB-31FB-4F8C-B2EE-A1512A282F9B}.Debug|x64.Build.0 = Debug|x64
		{5867ABBB-31FB-4F8C-B2EE-A1512A282F9B}.Debug|x86.ActiveCfg = Debug|Win32
		{5867ABBB-31FB-4F8C-B2EE-A1512A282F9B}.Debug|x86.Build.0 = Debug|Win32
		{5867ABBB-31FB-4F8C-B2EE-A1512A282F9B}.Release|Any CPU.ActiveCfg = Release|Win32
		{5867ABBB-31FB-4F8C-B2EE-A1512A282F9B}.Release|x64.ActiveCfg = Release|x64
		{5867ABBB-31FB-4F8C-B2EE-A1512A282F9B}.Release|x64.Build.0 = Release|x64
		{5867ABBB-31FB-4F8C-B2EE-A1512A282F9B}.Release|x86.ActiveCfg = Release|Win32
		{5867ABBB-31FB-4F8C-B2EE-A1512A282F9B}.Release|x86.Build.0 = Release|Win32
	EndGlobalSection
	GlobalSection(SolutionProperties) = preSolution
		HideSolutionNode = FALSE
	EndGlobalSection
	GlobalSection(NestedProjects) = preSolution
		{3215483D-073D-4EBF-9DA2-B53FAE56B3FF} = {5808D516-3160-4471-BE56-3D5D705E995C}
		{9FD26270-4FD2-4583-AA76-F0D96BC451D0} = {809FCE19-5D6E-40AE-9714-3C94083DBBFC}
		{DB17A15E-07E8-4F7D-BF26-7549B90D5F2C} = {809FCE19-5D6E-40AE-9714-3C94083DBBFC}
		{DC4340F5-1417-4DED-8A17-D4BA847AF03B} = {B59FDD1B-57B1-4DB0-8F25-D58878B01ED0}
		{2B5CF732-AA93-436B-AAE1-CED3225E659F} = {5808D516-3160-4471-BE56-3D5D705E995C}
		{82BCA45F-BBEC-460B-89CD-B8CE80AB01C0} = {954136A6-BF79-4CF9-BA76-100D08A83629}
		{783D12BE-D00E-443B-A5BC-002FDD453A8F} = {5808D516-3160-4471-BE56-3D5D705E995C}
		{BEC2BA3C-7BD4-4372-A5E8-E048EAE7763B} = {5808D516-3160-4471-BE56-3D5D705E995C}
		{FC987D1F-8844-44C1-9A02-1ACBB2236450} = {B59FDD1B-57B1-4DB0-8F25-D58878B01ED0}
		{1E2E2ABA-19BA-4835-9474-61B8449CACEB} = {E27ED1FF-9159-4BD2-BACD-623D65B51E82}
		{E89DA776-6269-45E3-8CF5-C3510B68FB39} = {5808D516-3160-4471-BE56-3D5D705E995C}
		{5867ABBB-31FB-4F8C-B2EE-A1512A282F9B} = {5808D516-3160-4471-BE56-3D5D705E995C}
	EndGlobalSection
	GlobalSection(ExtensibilityGlobals) = postSolution
		SolutionGuid = {3E07B1BF-B8B0-49F6-BF3E-61B245F7AB1D}
	EndGlobalSection
EndGlobal
