
Microsoft Visual Studio Solution File, Format Version 12.00
# Visual Studio Version 16
VisualStudioVersion = 16.0.29926.136
MinimumVisualStudioVersion = 10.0.40219.1
Project("{FAE04EC0-301F-11D3-BF4B-00C04F79EFBC}") = "TubumuMeeting.Mediasoup", "TubumuMeeting.Mediasoup\TubumuMeeting.Mediasoup.csproj", "{3215483D-073D-4EBF-9DA2-B53FAE56B3FF}"
EndProject
Project("{FAE04EC0-301F-11D3-BF4B-00C04F79EFBC}") = "TubumuMeeting.Core", "TubumuMeeting.Core\TubumuMeeting.Core.csproj", "{9FD26270-4FD2-4583-AA76-F0D96BC451D0}"
EndProject
Project("{9A19103F-16F7-4668-BE54-9A1E7A4F7556}") = "TubumuMeeting.Libuv", "TubumuMeeting.Libuv\TubumuMeeting.Libuv.csproj", "{DB17A15E-07E8-4F7D-BF26-7549B90D5F2C}"
EndProject
Project("{2150E333-8FDC-42A3-9474-1A3956D46DE8}") = "06_Client", "06_Client", "{E27ED1FF-9159-4BD2-BACD-623D65B51E82}"
EndProject
Project("{FAE04EC0-301F-11D3-BF4B-00C04F79EFBC}") = "TubumuMeeting.Meeting.Client.WPF", "TubumuMeeting.Meeting.Client.WPF\TubumuMeeting.Meeting.Client.WPF.csproj", "{99598050-19CE-4C87-81F0-16CEAD34C212}"
EndProject
Project("{2150E333-8FDC-42A3-9474-1A3956D46DE8}") = "03_Meeting", "03_Meeting", "{B59FDD1B-57B1-4DB0-8F25-D58878B01ED0}"
EndProject
Project("{2150E333-8FDC-42A3-9474-1A3956D46DE8}") = "01_Core", "01_Core", "{809FCE19-5D6E-40AE-9714-3C94083DBBFC}"
EndProject
Project("{9A19103F-16F7-4668-BE54-9A1E7A4F7556}") = "TubumuMeeting.Meeting.Server", "TubumuMeeting.Meeting.Server\TubumuMeeting.Meeting.Server.csproj", "{DC4340F5-1417-4DED-8A17-D4BA847AF03B}"
EndProject
Project("{9A19103F-16F7-4668-BE54-9A1E7A4F7556}") = "TubumuMeeting.Mediasoup.Executable", "TubumuMeeting.Mediasoup.Executable\TubumuMeeting.Mediasoup.Executable.csproj", "{2B5CF732-AA93-436B-AAE1-CED3225E659F}"
EndProject
Project("{2150E333-8FDC-42A3-9474-1A3956D46DE8}") = "Solution Items", "Solution Items", "{CA8D3D85-B2F8-4000-B516-DF01B69C89BD}"
	ProjectSection(SolutionItems) = preProject
		.editorconfig = .editorconfig
	EndProjectSection
EndProject
Project("{FAE04EC0-301F-11D3-BF4B-00C04F79EFBC}") = "TubumuMeeting.GB28181.SIPSorcery", "TubumuMeeting.GB28181.SIPSorcery\TubumuMeeting.GB28181.SIPSorcery.csproj", "{9067E6B5-7703-4704-A028-C188A3BFFC09}"
EndProject
Project("{2150E333-8FDC-42A3-9474-1A3956D46DE8}") = "04_GB28181", "04_GB28181", "{B592BC8C-EA42-436C-AB3A-30ACC2BF496C}"
EndProject
Project("{FAE04EC0-301F-11D3-BF4B-00C04F79EFBC}") = "TubumuMeeting.GB28181.Server", "TubumuMeeting.GB28181.Server\TubumuMeeting.GB28181.Server.csproj", "{4226F7A9-6228-49B0-A3B5-42524B4E2905}"
EndProject
Project("{2150E333-8FDC-42A3-9474-1A3956D46DE8}") = "05_Web", "05_Web", "{954136A6-BF79-4CF9-BA76-100D08A83629}"
EndProject
Project("{FAE04EC0-301F-11D3-BF4B-00C04F79EFBC}") = "TubumuMeeting.Web", "TubumuMeeting.Web\TubumuMeeting.Web.csproj", "{82BCA45F-BBEC-460B-89CD-B8CE80AB01C0}"
EndProject
Project("{2150E333-8FDC-42A3-9474-1A3956D46DE8}") = "02_Mediasoup", "02_Mediasoup", "{5808D516-3160-4471-BE56-3D5D705E995C}"
EndProject
Project("{FAE04EC0-301F-11D3-BF4B-00C04F79EFBC}") = "TubumuMeeting.Mediasoup.Common", "TubumuMeeting.Mediasoup.Common\TubumuMeeting.Mediasoup.Common.csproj", "{783D12BE-D00E-443B-A5BC-002FDD453A8F}"
EndProject
Global
	GlobalSection(SolutionConfigurationPlatforms) = preSolution
		Debug|Any CPU = Debug|Any CPU
		Debug|x86 = Debug|x86
		Release|Any CPU = Release|Any CPU
		Release|x86 = Release|x86
	EndGlobalSection
	GlobalSection(ProjectConfigurationPlatforms) = postSolution
		{3215483D-073D-4EBF-9DA2-B53FAE56B3FF}.Debug|Any CPU.ActiveCfg = Debug|Any CPU
		{3215483D-073D-4EBF-9DA2-B53FAE56B3FF}.Debug|Any CPU.Build.0 = Debug|Any CPU
		{3215483D-073D-4EBF-9DA2-B53FAE56B3FF}.Debug|x86.ActiveCfg = Debug|Any CPU
		{3215483D-073D-4EBF-9DA2-B53FAE56B3FF}.Debug|x86.Build.0 = Debug|Any CPU
		{3215483D-073D-4EBF-9DA2-B53FAE56B3FF}.Release|Any CPU.ActiveCfg = Release|Any CPU
		{3215483D-073D-4EBF-9DA2-B53FAE56B3FF}.Release|Any CPU.Build.0 = Release|Any CPU
		{3215483D-073D-4EBF-9DA2-B53FAE56B3FF}.Release|x86.ActiveCfg = Release|Any CPU
		{3215483D-073D-4EBF-9DA2-B53FAE56B3FF}.Release|x86.Build.0 = Release|Any CPU
		{9FD26270-4FD2-4583-AA76-F0D96BC451D0}.Debug|Any CPU.ActiveCfg = Debug|Any CPU
		{9FD26270-4FD2-4583-AA76-F0D96BC451D0}.Debug|Any CPU.Build.0 = Debug|Any CPU
		{9FD26270-4FD2-4583-AA76-F0D96BC451D0}.Debug|x86.ActiveCfg = Debug|x86
		{9FD26270-4FD2-4583-AA76-F0D96BC451D0}.Debug|x86.Build.0 = Debug|x86
		{9FD26270-4FD2-4583-AA76-F0D96BC451D0}.Release|Any CPU.ActiveCfg = Release|Any CPU
		{9FD26270-4FD2-4583-AA76-F0D96BC451D0}.Release|Any CPU.Build.0 = Release|Any CPU
		{9FD26270-4FD2-4583-AA76-F0D96BC451D0}.Release|x86.ActiveCfg = Release|x86
		{9FD26270-4FD2-4583-AA76-F0D96BC451D0}.Release|x86.Build.0 = Release|x86
		{DB17A15E-07E8-4F7D-BF26-7549B90D5F2C}.Debug|Any CPU.ActiveCfg = Debug|Any CPU
		{DB17A15E-07E8-4F7D-BF26-7549B90D5F2C}.Debug|Any CPU.Build.0 = Debug|Any CPU
		{DB17A15E-07E8-4F7D-BF26-7549B90D5F2C}.Debug|x86.ActiveCfg = Debug|Any CPU
		{DB17A15E-07E8-4F7D-BF26-7549B90D5F2C}.Debug|x86.Build.0 = Debug|Any CPU
		{DB17A15E-07E8-4F7D-BF26-7549B90D5F2C}.Release|Any CPU.ActiveCfg = Release|Any CPU
		{DB17A15E-07E8-4F7D-BF26-7549B90D5F2C}.Release|Any CPU.Build.0 = Release|Any CPU
		{DB17A15E-07E8-4F7D-BF26-7549B90D5F2C}.Release|x86.ActiveCfg = Release|Any CPU
		{DB17A15E-07E8-4F7D-BF26-7549B90D5F2C}.Release|x86.Build.0 = Release|Any CPU
		{99598050-19CE-4C87-81F0-16CEAD34C212}.Debug|Any CPU.ActiveCfg = Debug|x86
		{99598050-19CE-4C87-81F0-16CEAD34C212}.Debug|Any CPU.Build.0 = Debug|x86
		{99598050-19CE-4C87-81F0-16CEAD34C212}.Debug|x86.ActiveCfg = Debug|Any CPU
		{99598050-19CE-4C87-81F0-16CEAD34C212}.Debug|x86.Build.0 = Debug|Any CPU
		{99598050-19CE-4C87-81F0-16CEAD34C212}.Release|Any CPU.ActiveCfg = Release|Any CPU
		{99598050-19CE-4C87-81F0-16CEAD34C212}.Release|Any CPU.Build.0 = Release|Any CPU
		{99598050-19CE-4C87-81F0-16CEAD34C212}.Release|x86.ActiveCfg = Release|Any CPU
		{99598050-19CE-4C87-81F0-16CEAD34C212}.Release|x86.Build.0 = Release|Any CPU
		{DC4340F5-1417-4DED-8A17-D4BA847AF03B}.Debug|Any CPU.ActiveCfg = Debug|Any CPU
		{DC4340F5-1417-4DED-8A17-D4BA847AF03B}.Debug|Any CPU.Build.0 = Debug|Any CPU
		{DC4340F5-1417-4DED-8A17-D4BA847AF03B}.Debug|x86.ActiveCfg = Debug|Any CPU
		{DC4340F5-1417-4DED-8A17-D4BA847AF03B}.Debug|x86.Build.0 = Debug|Any CPU
		{DC4340F5-1417-4DED-8A17-D4BA847AF03B}.Release|Any CPU.ActiveCfg = Release|Any CPU
		{DC4340F5-1417-4DED-8A17-D4BA847AF03B}.Release|Any CPU.Build.0 = Release|Any CPU
		{DC4340F5-1417-4DED-8A17-D4BA847AF03B}.Release|x86.ActiveCfg = Release|Any CPU
		{DC4340F5-1417-4DED-8A17-D4BA847AF03B}.Release|x86.Build.0 = Release|Any CPU
		{2B5CF732-AA93-436B-AAE1-CED3225E659F}.Debug|Any CPU.ActiveCfg = Debug|Any CPU
		{2B5CF732-AA93-436B-AAE1-CED3225E659F}.Debug|Any CPU.Build.0 = Debug|Any CPU
		{2B5CF732-AA93-436B-AAE1-CED3225E659F}.Debug|x86.ActiveCfg = Debug|Any CPU
		{2B5CF732-AA93-436B-AAE1-CED3225E659F}.Debug|x86.Build.0 = Debug|Any CPU
		{2B5CF732-AA93-436B-AAE1-CED3225E659F}.Release|Any CPU.ActiveCfg = Release|Any CPU
		{2B5CF732-AA93-436B-AAE1-CED3225E659F}.Release|Any CPU.Build.0 = Release|Any CPU
		{2B5CF732-AA93-436B-AAE1-CED3225E659F}.Release|x86.ActiveCfg = Release|Any CPU
		{2B5CF732-AA93-436B-AAE1-CED3225E659F}.Release|x86.Build.0 = Release|Any CPU
		{9067E6B5-7703-4704-A028-C188A3BFFC09}.Debug|Any CPU.ActiveCfg = Debug|Any CPU
		{9067E6B5-7703-4704-A028-C188A3BFFC09}.Debug|Any CPU.Build.0 = Debug|Any CPU
		{9067E6B5-7703-4704-A028-C188A3BFFC09}.Debug|x86.ActiveCfg = Debug|Any CPU
		{9067E6B5-7703-4704-A028-C188A3BFFC09}.Debug|x86.Build.0 = Debug|Any CPU
		{9067E6B5-7703-4704-A028-C188A3BFFC09}.Release|Any CPU.ActiveCfg = Release|Any CPU
		{9067E6B5-7703-4704-A028-C188A3BFFC09}.Release|Any CPU.Build.0 = Release|Any CPU
		{9067E6B5-7703-4704-A028-C188A3BFFC09}.Release|x86.ActiveCfg = Release|Any CPU
		{9067E6B5-7703-4704-A028-C188A3BFFC09}.Release|x86.Build.0 = Release|Any CPU
		{4226F7A9-6228-49B0-A3B5-42524B4E2905}.Debug|Any CPU.ActiveCfg = Debug|Any CPU
		{4226F7A9-6228-49B0-A3B5-42524B4E2905}.Debug|Any CPU.Build.0 = Debug|Any CPU
		{4226F7A9-6228-49B0-A3B5-42524B4E2905}.Debug|x86.ActiveCfg = Debug|Any CPU
		{4226F7A9-6228-49B0-A3B5-42524B4E2905}.Debug|x86.Build.0 = Debug|Any CPU
		{4226F7A9-6228-49B0-A3B5-42524B4E2905}.Release|Any CPU.ActiveCfg = Release|Any CPU
		{4226F7A9-6228-49B0-A3B5-42524B4E2905}.Release|Any CPU.Build.0 = Release|Any CPU
		{4226F7A9-6228-49B0-A3B5-42524B4E2905}.Release|x86.ActiveCfg = Release|Any CPU
		{4226F7A9-6228-49B0-A3B5-42524B4E2905}.Release|x86.Build.0 = Release|Any CPU
		{82BCA45F-BBEC-460B-89CD-B8CE80AB01C0}.Debug|Any CPU.ActiveCfg = Debug|Any CPU
		{82BCA45F-BBEC-460B-89CD-B8CE80AB01C0}.Debug|Any CPU.Build.0 = Debug|Any CPU
		{82BCA45F-BBEC-460B-89CD-B8CE80AB01C0}.Debug|x86.ActiveCfg = Debug|Any CPU
		{82BCA45F-BBEC-460B-89CD-B8CE80AB01C0}.Debug|x86.Build.0 = Debug|Any CPU
		{82BCA45F-BBEC-460B-89CD-B8CE80AB01C0}.Release|Any CPU.ActiveCfg = Release|Any CPU
		{82BCA45F-BBEC-460B-89CD-B8CE80AB01C0}.Release|Any CPU.Build.0 = Release|Any CPU
		{82BCA45F-BBEC-460B-89CD-B8CE80AB01C0}.Release|x86.ActiveCfg = Release|Any CPU
		{82BCA45F-BBEC-460B-89CD-B8CE80AB01C0}.Release|x86.Build.0 = Release|Any CPU
		{783D12BE-D00E-443B-A5BC-002FDD453A8F}.Debug|Any CPU.ActiveCfg = Debug|Any CPU
		{783D12BE-D00E-443B-A5BC-002FDD453A8F}.Debug|Any CPU.Build.0 = Debug|Any CPU
		{783D12BE-D00E-443B-A5BC-002FDD453A8F}.Debug|x86.ActiveCfg = Debug|Any CPU
		{783D12BE-D00E-443B-A5BC-002FDD453A8F}.Debug|x86.Build.0 = Debug|Any CPU
		{783D12BE-D00E-443B-A5BC-002FDD453A8F}.Release|Any CPU.ActiveCfg = Release|Any CPU
		{783D12BE-D00E-443B-A5BC-002FDD453A8F}.Release|Any CPU.Build.0 = Release|Any CPU
		{783D12BE-D00E-443B-A5BC-002FDD453A8F}.Release|x86.ActiveCfg = Release|Any CPU
		{783D12BE-D00E-443B-A5BC-002FDD453A8F}.Release|x86.Build.0 = Release|Any CPU
	EndGlobalSection
	GlobalSection(SolutionProperties) = preSolution
		HideSolutionNode = FALSE
	EndGlobalSection
	GlobalSection(NestedProjects) = preSolution
		{3215483D-073D-4EBF-9DA2-B53FAE56B3FF} = {5808D516-3160-4471-BE56-3D5D705E995C}
		{9FD26270-4FD2-4583-AA76-F0D96BC451D0} = {809FCE19-5D6E-40AE-9714-3C94083DBBFC}
		{DB17A15E-07E8-4F7D-BF26-7549B90D5F2C} = {809FCE19-5D6E-40AE-9714-3C94083DBBFC}
		{99598050-19CE-4C87-81F0-16CEAD34C212} = {E27ED1FF-9159-4BD2-BACD-623D65B51E82}
		{DC4340F5-1417-4DED-8A17-D4BA847AF03B} = {B59FDD1B-57B1-4DB0-8F25-D58878B01ED0}
		{2B5CF732-AA93-436B-AAE1-CED3225E659F} = {5808D516-3160-4471-BE56-3D5D705E995C}
		{9067E6B5-7703-4704-A028-C188A3BFFC09} = {B592BC8C-EA42-436C-AB3A-30ACC2BF496C}
		{4226F7A9-6228-49B0-A3B5-42524B4E2905} = {B592BC8C-EA42-436C-AB3A-30ACC2BF496C}
		{82BCA45F-BBEC-460B-89CD-B8CE80AB01C0} = {954136A6-BF79-4CF9-BA76-100D08A83629}
		{783D12BE-D00E-443B-A5BC-002FDD453A8F} = {5808D516-3160-4471-BE56-3D5D705E995C}
	EndGlobalSection
	GlobalSection(ExtensibilityGlobals) = postSolution
		SolutionGuid = {3E07B1BF-B8B0-49F6-BF3E-61B245F7AB1D}
	EndGlobalSection
EndGlobal
